
Microsoft Visual Studio Solution File, Format Version 12.00
# Visual Studio Version 16
VisualStudioVersion = 16.0.29509.3
MinimumVisualStudioVersion = 10.0.40219.1
Project("{FAE04EC0-301F-11D3-BF4B-00C04F79EFBC}") = "ProyectoDicampus", "ProyectoDicampus\ProyectoDicampus.csproj", "{86705B5C-6488-4B15-8BAE-AFD28FFFE73C}"
EndProject
Project("{54435603-DBB4-11D2-8724-00A0C9A8B90C}") = "Setup", "Setup\Setup.vdproj", "{0FA5E764-7408-466A-B0EF-23AF995AD7E4}"
EndProject
Global
	GlobalSection(SolutionConfigurationPlatforms) = preSolution
		Debug|Any CPU = Debug|Any CPU
		Release|Any CPU = Release|Any CPU
	EndGlobalSection
	GlobalSection(ProjectConfigurationPlatforms) = postSolution
		{86705B5C-6488-4B15-8BAE-AFD28FFFE73C}.Debug|Any CPU.ActiveCfg = Debug|Any CPU
		{86705B5C-6488-4B15-8BAE-AFD28FFFE73C}.Debug|Any CPU.Build.0 = Debug|Any CPU
		{86705B5C-6488-4B15-8BAE-AFD28FFFE73C}.Release|Any CPU.ActiveCfg = Release|Any CPU
		{86705B5C-6488-4B15-8BAE-AFD28FFFE73C}.Release|Any CPU.Build.0 = Release|Any CPU
		{0FA5E764-7408-466A-B0EF-23AF995AD7E4}.Debug|Any CPU.ActiveCfg = Debug
		{0FA5E764-7408-466A-B0EF-23AF995AD7E4}.Release|Any CPU.ActiveCfg = Release
	EndGlobalSection
	GlobalSection(SolutionProperties) = preSolution
		HideSolutionNode = FALSE
	EndGlobalSection
	GlobalSection(ExtensibilityGlobals) = postSolution
		SolutionGuid = {20CD9617-9FCF-42BB-BA4B-26DEAB16ECC0}
	EndGlobalSection
EndGlobal
